
Microsoft Visual Studio Solution File, Format Version 12.00
# Visual Studio Version 16
VisualStudioVersion = 16.0.30804.86
MinimumVisualStudioVersion = 10.0.40219.1
Project("{FAE04EC0-301F-11D3-BF4B-00C04F79EFBC}") = "ChromiumBrowser", "ChromiumBrowser.csproj", "{409687D8-D291-4757-8F23-7D372FC266C2}"
EndProject
Global
	GlobalSection(SolutionConfigurationPlatforms) = preSolution
		Debug|Any CPU = Debug|Any CPU
		Release|Any CPU = Release|Any CPU
	EndGlobalSection
	GlobalSection(ProjectConfigurationPlatforms) = postSolution
		{409687D8-D291-4757-8F23-7D372FC266C2}.Debug|Any CPU.ActiveCfg = Debug|Any CPU
		{409687D8-D291-4757-8F23-7D372FC266C2}.Debug|Any CPU.Build.0 = Debug|Any CPU
		{409687D8-D291-4757-8F23-7D372FC266C2}.Release|Any CPU.ActiveCfg = Release|Any CPU
		{409687D8-D291-4757-8F23-7D372FC266C2}.Release|Any CPU.Build.0 = Release|Any CPU
	EndGlobalSection
	GlobalSection(SolutionProperties) = preSolution
		HideSolutionNode = FALSE
	EndGlobalSection
	GlobalSection(ExtensibilityGlobals) = postSolution
		SolutionGuid = {F36F4EB4-0197-48F6-8AD3-E5BF812F941A}
	EndGlobalSection
EndGlobal
